
Microsoft Visual Studio Solution File, Format Version 12.00
# Visual Studio Version 17
VisualStudioVersion = 17.0.31912.275
MinimumVisualStudioVersion = 10.0.40219.1
Project("{2150E333-8FDC-42A3-9474-1A3956D46DE8}") = "Services", "Services", "{F4F10D42-E0C3-4F9C-9941-37A4503A02B0}"
EndProject
Project("{2150E333-8FDC-42A3-9474-1A3956D46DE8}") = "Catalog", "Catalog", "{467E6242-043E-484D-A98D-63DDAB7AE3C9}"
EndProject
Project("{FAE04EC0-301F-11D3-BF4B-00C04F79EFBC}") = "Catalog.Domain", "Catalog.Domain\Catalog.Domain.csproj", "{C38F3C10-B11C-46EF-9546-040F9566AD21}"
EndProject
Project("{2150E333-8FDC-42A3-9474-1A3956D46DE8}") = "Shared", "Shared", "{4983E1DC-7381-4B54-92AC-2A4D7E0DA779}"
EndProject
Project("{FAE04EC0-301F-11D3-BF4B-00C04F79EFBC}") = "Shared", "Shared\Shared.csproj", "{37357F64-2562-44EB-B18A-25F051F796B0}"
EndProject
Global
	GlobalSection(SolutionConfigurationPlatforms) = preSolution
		Debug|Any CPU = Debug|Any CPU
		Release|Any CPU = Release|Any CPU
	EndGlobalSection
	GlobalSection(ProjectConfigurationPlatforms) = postSolution
		{C38F3C10-B11C-46EF-9546-040F9566AD21}.Debug|Any CPU.ActiveCfg = Debug|Any CPU
		{C38F3C10-B11C-46EF-9546-040F9566AD21}.Debug|Any CPU.Build.0 = Debug|Any CPU
		{C38F3C10-B11C-46EF-9546-040F9566AD21}.Release|Any CPU.ActiveCfg = Release|Any CPU
		{C38F3C10-B11C-46EF-9546-040F9566AD21}.Release|Any CPU.Build.0 = Release|Any CPU
		{37357F64-2562-44EB-B18A-25F051F796B0}.Debug|Any CPU.ActiveCfg = Debug|Any CPU
		{37357F64-2562-44EB-B18A-25F051F796B0}.Debug|Any CPU.Build.0 = Debug|Any CPU
		{37357F64-2562-44EB-B18A-25F051F796B0}.Release|Any CPU.ActiveCfg = Release|Any CPU
		{37357F64-2562-44EB-B18A-25F051F796B0}.Release|Any CPU.Build.0 = Release|Any CPU
	EndGlobalSection
	GlobalSection(SolutionProperties) = preSolution
		HideSolutionNode = FALSE
	EndGlobalSection
	GlobalSection(NestedProjects) = preSolution
		{467E6242-043E-484D-A98D-63DDAB7AE3C9} = {F4F10D42-E0C3-4F9C-9941-37A4503A02B0}
		{C38F3C10-B11C-46EF-9546-040F9566AD21} = {467E6242-043E-484D-A98D-63DDAB7AE3C9}
		{4983E1DC-7381-4B54-92AC-2A4D7E0DA779} = {F4F10D42-E0C3-4F9C-9941-37A4503A02B0}
		{37357F64-2562-44EB-B18A-25F051F796B0} = {4983E1DC-7381-4B54-92AC-2A4D7E0DA779}
	EndGlobalSection
	GlobalSection(ExtensibilityGlobals) = postSolution
		SolutionGuid = {21FF9321-A951-4A71-85A6-0286807B4762}
	EndGlobalSection
EndGlobal
