
Microsoft Visual Studio Solution File, Format Version 12.00
# Visual Studio Version 17
VisualStudioVersion = 17.0.31912.275
MinimumVisualStudioVersion = 10.0.40219.1
Project("{2150E333-8FDC-42A3-9474-1A3956D46DE8}") = "Solution Items", "Solution Items", "{E88BFAA7-3D20-4247-BB48-D7F0E7096128}"
	ProjectSection(SolutionItems) = preProject
		.editorconfig = .editorconfig
	EndProjectSection
EndProject
Project("{2150E333-8FDC-42A3-9474-1A3956D46DE8}") = "src", "src", "{ED119F68-6078-4575-B7F4-638257E0C893}"
EndProject
Project("{2150E333-8FDC-42A3-9474-1A3956D46DE8}") = "tests", "tests", "{7875132C-3C66-4006-8205-38197AA29510}"
EndProject
Project("{2150E333-8FDC-42A3-9474-1A3956D46DE8}") = "BuildingBlocks", "BuildingBlocks", "{CA0DB25A-F865-444E-807D-7BC82F1DBB7E}"
EndProject
Project("{2150E333-8FDC-42A3-9474-1A3956D46DE8}") = "Services", "Services", "{576FE444-CED6-4EBA-ABC2-50F6AF206FC6}"
EndProject
Project("{2150E333-8FDC-42A3-9474-1A3956D46DE8}") = "Ideas", "Ideas", "{B749613F-30C6-48FA-A139-2CF1541B53CC}"
EndProject
Project("{9A19103F-16F7-4668-BE54-9A1E7A4F7556}") = "MusicStore.Ideas.Domain", "Services\Ideas\MusicStore.Ideas.Domain\MusicStore.Ideas.Domain.csproj", "{17C697B3-1A1F-44B6-84F4-7C207F9C4A7B}"
EndProject
Project("{9A19103F-16F7-4668-BE54-9A1E7A4F7556}") = "MusicStore.Ideas.Api", "Services\Ideas\MusicStore.Ideas.Api\MusicStore.Ideas.Api.csproj", "{106A5DE1-8CF7-424F-BC85-49A6FD3C28BE}"
EndProject
Project("{9A19103F-16F7-4668-BE54-9A1E7A4F7556}") = "MusicStore.Ideas.Application", "Services\Ideas\MusicStore.Ideas.Application\MusicStore.Ideas.Application.csproj", "{9047233E-D5DA-4118-8D9F-5DFE8117B105}"
EndProject
Project("{2150E333-8FDC-42A3-9474-1A3956D46DE8}") = "Resources", "Resources", "{62CEFC3C-A6A2-4D79-BA63-510035ADA52D}"
EndProject
Project("{9A19103F-16F7-4668-BE54-9A1E7A4F7556}") = "MusicStore.Resources.Domain", "Services\Resources\MusicStore.Resources.Domain\MusicStore.Resources.Domain.csproj", "{746D3061-C2A8-4177-99CF-CB83CBDFEBAF}"
EndProject
Project("{9A19103F-16F7-4668-BE54-9A1E7A4F7556}") = "MusicStore.Resources.Job", "Services\Resources\MusicStore.Resources.Job\MusicStore.Resources.Job.csproj", "{F56DC26D-72DD-46B0-B690-DCC06480B219}"
EndProject
Project("{9A19103F-16F7-4668-BE54-9A1E7A4F7556}") = "MusicStore.Ideas.Infrastructure", "Services\Ideas\MusicStore.Ideas.Infrastructure\MusicStore.Ideas.Infrastructure.csproj", "{62F6F8B5-CA7C-416E-8292-3B6164FFCA83}"
EndProject
Project("{9A19103F-16F7-4668-BE54-9A1E7A4F7556}") = "MusicStore.Resources.Infrastructure", "Services\Resources\MusicStore.Resources.Infrastructure\MusicStore.Resources.Infrastructure.csproj", "{1A3183F7-9787-49D6-AC49-FC0587EEAB69}"
EndProject
Project("{9A19103F-16F7-4668-BE54-9A1E7A4F7556}") = "MusicStore.Shared", "BuildingBlocks\MusicStore.Shared\MusicStore.Shared.csproj", "{EFAE18E6-0A88-4BAB-A47E-EA2782015220}"
EndProject
Global
	GlobalSection(SolutionConfigurationPlatforms) = preSolution
		Debug|Any CPU = Debug|Any CPU
		Release|Any CPU = Release|Any CPU
	EndGlobalSection
	GlobalSection(ProjectConfigurationPlatforms) = postSolution
		{17C697B3-1A1F-44B6-84F4-7C207F9C4A7B}.Debug|Any CPU.ActiveCfg = Debug|Any CPU
		{17C697B3-1A1F-44B6-84F4-7C207F9C4A7B}.Debug|Any CPU.Build.0 = Debug|Any CPU
		{17C697B3-1A1F-44B6-84F4-7C207F9C4A7B}.Release|Any CPU.ActiveCfg = Release|Any CPU
		{17C697B3-1A1F-44B6-84F4-7C207F9C4A7B}.Release|Any CPU.Build.0 = Release|Any CPU
		{106A5DE1-8CF7-424F-BC85-49A6FD3C28BE}.Debug|Any CPU.ActiveCfg = Debug|Any CPU
		{106A5DE1-8CF7-424F-BC85-49A6FD3C28BE}.Debug|Any CPU.Build.0 = Debug|Any CPU
		{106A5DE1-8CF7-424F-BC85-49A6FD3C28BE}.Release|Any CPU.ActiveCfg = Release|Any CPU
		{106A5DE1-8CF7-424F-BC85-49A6FD3C28BE}.Release|Any CPU.Build.0 = Release|Any CPU
		{9047233E-D5DA-4118-8D9F-5DFE8117B105}.Debug|Any CPU.ActiveCfg = Debug|Any CPU
		{9047233E-D5DA-4118-8D9F-5DFE8117B105}.Debug|Any CPU.Build.0 = Debug|Any CPU
		{9047233E-D5DA-4118-8D9F-5DFE8117B105}.Release|Any CPU.ActiveCfg = Release|Any CPU
		{9047233E-D5DA-4118-8D9F-5DFE8117B105}.Release|Any CPU.Build.0 = Release|Any CPU
		{746D3061-C2A8-4177-99CF-CB83CBDFEBAF}.Debug|Any CPU.ActiveCfg = Debug|Any CPU
		{746D3061-C2A8-4177-99CF-CB83CBDFEBAF}.Debug|Any CPU.Build.0 = Debug|Any CPU
		{746D3061-C2A8-4177-99CF-CB83CBDFEBAF}.Release|Any CPU.ActiveCfg = Release|Any CPU
		{746D3061-C2A8-4177-99CF-CB83CBDFEBAF}.Release|Any CPU.Build.0 = Release|Any CPU
		{F56DC26D-72DD-46B0-B690-DCC06480B219}.Debug|Any CPU.ActiveCfg = Debug|Any CPU
		{F56DC26D-72DD-46B0-B690-DCC06480B219}.Debug|Any CPU.Build.0 = Debug|Any CPU
		{F56DC26D-72DD-46B0-B690-DCC06480B219}.Release|Any CPU.ActiveCfg = Release|Any CPU
		{F56DC26D-72DD-46B0-B690-DCC06480B219}.Release|Any CPU.Build.0 = Release|Any CPU
		{62F6F8B5-CA7C-416E-8292-3B6164FFCA83}.Debug|Any CPU.ActiveCfg = Debug|Any CPU
		{62F6F8B5-CA7C-416E-8292-3B6164FFCA83}.Debug|Any CPU.Build.0 = Debug|Any CPU
		{62F6F8B5-CA7C-416E-8292-3B6164FFCA83}.Release|Any CPU.ActiveCfg = Release|Any CPU
		{62F6F8B5-CA7C-416E-8292-3B6164FFCA83}.Release|Any CPU.Build.0 = Release|Any CPU
		{1A3183F7-9787-49D6-AC49-FC0587EEAB69}.Debug|Any CPU.ActiveCfg = Debug|Any CPU
		{1A3183F7-9787-49D6-AC49-FC0587EEAB69}.Debug|Any CPU.Build.0 = Debug|Any CPU
		{1A3183F7-9787-49D6-AC49-FC0587EEAB69}.Release|Any CPU.ActiveCfg = Release|Any CPU
		{1A3183F7-9787-49D6-AC49-FC0587EEAB69}.Release|Any CPU.Build.0 = Release|Any CPU
		{EFAE18E6-0A88-4BAB-A47E-EA2782015220}.Debug|Any CPU.ActiveCfg = Debug|Any CPU
		{EFAE18E6-0A88-4BAB-A47E-EA2782015220}.Debug|Any CPU.Build.0 = Debug|Any CPU
		{EFAE18E6-0A88-4BAB-A47E-EA2782015220}.Release|Any CPU.ActiveCfg = Release|Any CPU
		{EFAE18E6-0A88-4BAB-A47E-EA2782015220}.Release|Any CPU.Build.0 = Release|Any CPU
	EndGlobalSection
	GlobalSection(SolutionProperties) = preSolution
		HideSolutionNode = FALSE
	EndGlobalSection
	GlobalSection(NestedProjects) = preSolution
		{CA0DB25A-F865-444E-807D-7BC82F1DBB7E} = {ED119F68-6078-4575-B7F4-638257E0C893}
		{576FE444-CED6-4EBA-ABC2-50F6AF206FC6} = {ED119F68-6078-4575-B7F4-638257E0C893}
		{B749613F-30C6-48FA-A139-2CF1541B53CC} = {576FE444-CED6-4EBA-ABC2-50F6AF206FC6}
		{17C697B3-1A1F-44B6-84F4-7C207F9C4A7B} = {B749613F-30C6-48FA-A139-2CF1541B53CC}
		{106A5DE1-8CF7-424F-BC85-49A6FD3C28BE} = {B749613F-30C6-48FA-A139-2CF1541B53CC}
		{9047233E-D5DA-4118-8D9F-5DFE8117B105} = {B749613F-30C6-48FA-A139-2CF1541B53CC}
		{62CEFC3C-A6A2-4D79-BA63-510035ADA52D} = {576FE444-CED6-4EBA-ABC2-50F6AF206FC6}
		{746D3061-C2A8-4177-99CF-CB83CBDFEBAF} = {62CEFC3C-A6A2-4D79-BA63-510035ADA52D}
		{F56DC26D-72DD-46B0-B690-DCC06480B219} = {62CEFC3C-A6A2-4D79-BA63-510035ADA52D}
		{62F6F8B5-CA7C-416E-8292-3B6164FFCA83} = {B749613F-30C6-48FA-A139-2CF1541B53CC}
		{1A3183F7-9787-49D6-AC49-FC0587EEAB69} = {62CEFC3C-A6A2-4D79-BA63-510035ADA52D}
		{EFAE18E6-0A88-4BAB-A47E-EA2782015220} = {CA0DB25A-F865-444E-807D-7BC82F1DBB7E}
	EndGlobalSection
	GlobalSection(ExtensibilityGlobals) = postSolution
		SolutionGuid = {21FF9321-A951-4A71-85A6-0286807B4762}
	EndGlobalSection
EndGlobal
